<?xml version="1.0" encoding="utf-8"?>
<Project ToolsVersion="4.0" xmlns="http://schemas.microsoft.com/developer/msbuild/2003">
  <ItemGroup>
    <Filter Include="Source Files">
      <UniqueIdentifier>{b6d826ab-d124-4efe-b73e-9c617abf81b7}</UniqueIdentifier>
      <Extensions>cpp;c;cxx;rc;def;r;odl;idl;hpj;bat</Extensions>
    </Filter>
    <Filter Include="Header Files">
      <UniqueIdentifier>{639fc7b1-a6f7-4690-8724-00aea1c12f78}</UniqueIdentifier>
      <Extensions>h;hpp;hxx;hm;inl</Extensions>
    </Filter>
    <Filter Include="Resource Files">
      <UniqueIdentifier>{432bb29a-4d49-4ef3-a077-fd7e61afea31}</UniqueIdentifier>
      <Extensions>ico;cur;bmp;dlg;rc2;rct;bin;rgs;gif;jpg;jpeg;jpe</Extensions>
    </Filter>
    <Filter Include="FileSystemImpl">
      <UniqueIdentifier>{6922c6b5-0ec9-4dc8-b4f8-23f960c7761f}</UniqueIdentifier>
    </Filter>
    <Filter Include="Source Files\FileSystemImpl">
      <UniqueIdentifier>{17c53775-9396-4a5f-a16c-5a9d313c271f}</UniqueIdentifier>
    </Filter>
  </ItemGroup>
  <ItemGroup>
    <ClCompile Include="ClassFactory.cpp">
      <Filter>Source Files</Filter>
    </ClCompile>
    <ClCompile Include="COMServer.cpp">
      <Filter>Source Files</Filter>
    </ClCompile>
    <ClCompile Include="FSCoClass.cpp">
      <Filter>Source Files</Filter>
    </ClCompile>
    <ClCompile Include="Registrar.cpp">
      <Filter>Source Files</Filter>
    </ClCompile>
    <ClCompile Include="ReferenceCounter.cpp">
      <Filter>Source Files</Filter>
    </ClCompile>
    <ClCompile Include="FSController.cpp">
      <Filter>Source Files\FileSystemImpl</Filter>
    </ClCompile>
    <ClCompile Include="FSEntity.cpp">
      <Filter>Source Files\FileSystemImpl</Filter>
    </ClCompile>
    <ClCompile Include="FSExceptions.cpp">
      <Filter>Source Files\FileSystemImpl</Filter>
    </ClCompile>
  </ItemGroup>
  <ItemGroup>
    <ClInclude Include="ClassFactory.h">
      <Filter>Header Files</Filter>
    </ClInclude>
    <ClInclude Include="COMServer.h">
      <Filter>Header Files</Filter>
    </ClInclude>
    <ClInclude Include="Registrar.h">
      <Filter>Header Files</Filter>
    </ClInclude>
    <ClInclude Include="GUIDs.h">
      <Filter>Header Files</Filter>
    </ClInclude>
    <ClInclude Include="FSCoClass.h">
      <Filter>Header Files</Filter>
    </ClInclude>
    <ClInclude Include="ReferenceCounter.h">
      <Filter>Header Files</Filter>
    </ClInclude>
    <ClInclude Include="FSInterface.h">
      <Filter>Header Files</Filter>
    </ClInclude>
    <ClInclude Include="FSExceptions.h">
      <Filter>FileSystemImpl</Filter>
    </ClInclude>
    <ClInclude Include="FSController.h">
      <Filter>FileSystemImpl</Filter>
    </ClInclude>
    <ClInclude Include="FSEntity.h">
      <Filter>FileSystemImpl</Filter>
    </ClInclude>
  </ItemGroup>
  <ItemGroup>
    <CustomBuild Include="COMServer.def">
      <Filter>Source Files</Filter>
    </CustomBuild>
  </ItemGroup>
  <ItemGroup>
    <Midl Include="COMServer.idl">
      <Filter>Source Files</Filter>
    </Midl>
  </ItemGroup>
</Project>